
Microsoft Visual Studio Solution File, Format Version 12.00
# Visual Studio 2013
VisualStudioVersion = 12.0.40629.0
MinimumVisualStudioVersion = 10.0.40219.1
Project("{2150E333-8FDC-42A3-9474-1A3956D46DE8}") = "FrontEnd", "FrontEnd", "{3F4ACEED-7AD3-415E-9746-87178BF1C062}"
EndProject
Project("{FAE04EC0-301F-11D3-BF4B-00C04F79EFBC}") = "OOB", "OOB\OOB.csproj", "{613C8395-AFC1-4B33-B44C-F6130E495F71}"
EndProject
Project("{FAE04EC0-301F-11D3-BF4B-00C04F79EFBC}") = "DataProvCajaBanco", "DataProvCajaBanco\DataProvCajaBanco.csproj", "{3B6A9B93-CD4A-4E56-A127-5B11467FB0DA}"
EndProject
Project("{FAE04EC0-301F-11D3-BF4B-00C04F79EFBC}") = "ModCajaBanco", "ModCajaBanco\ModCajaBanco.csproj", "{C0C33B21-F311-4FEB-B571-C4EFD961EC7C}"
EndProject
Project("{2150E333-8FDC-42A3-9474-1A3956D46DE8}") = "BackEnd", "BackEnd", "{51A5E296-F283-497D-AC5A-536FAB9091D9}"
EndProject
Project("{2150E333-8FDC-42A3-9474-1A3956D46DE8}") = "DTO", "DTO", "{44BB5D85-2A4E-4096-B089-98E6C1CA34A6}"
EndProject
Project("{FAE04EC0-301F-11D3-BF4B-00C04F79EFBC}") = "DtoLibCajaBanco", "DtoLibCajaBanco\DtoLibCajaBanco.csproj", "{CD7C131F-4ECB-4B81-BAC6-718C1B57DDD5}"
EndProject
Project("{FAE04EC0-301F-11D3-BF4B-00C04F79EFBC}") = "DtoLib", "DtoLib\DtoLib.csproj", "{6C7D4F6E-9C35-43FE-81F7-FF1922110832}"
EndProject
Project("{2150E333-8FDC-42A3-9474-1A3956D46DE8}") = "IProvider", "IProvider", "{4723226E-A6C1-47F5-A3EA-0513D7CDB82D}"
EndProject
Project("{2150E333-8FDC-42A3-9474-1A3956D46DE8}") = "CajaBanco", "CajaBanco", "{77862738-BC7F-4DE6-A233-76204C84E0A9}"
EndProject
Project("{FAE04EC0-301F-11D3-BF4B-00C04F79EFBC}") = "ILibCajaBanco", "ILibCajaBanco\ILibCajaBanco.csproj", "{4D0CDFEE-4B87-4C03-BE1C-929363B6F7DE}"
EndProject
Project("{2150E333-8FDC-42A3-9474-1A3956D46DE8}") = "Provider", "Provider", "{B56DA96C-5E2E-4228-9733-5D9EC8C598EC}"
EndProject
Project("{FAE04EC0-301F-11D3-BF4B-00C04F79EFBC}") = "ProvLibCajaBanco", "ProvLibCajaBanco\ProvLibCajaBanco.csproj", "{15B09C30-E897-4217-B2A3-E450049E8667}"
EndProject
Project("{2150E333-8FDC-42A3-9474-1A3956D46DE8}") = "Entitys", "Entitys", "{B998BC2C-882B-47EE-A785-39C14B240EEE}"
EndProject
Project("{FAE04EC0-301F-11D3-BF4B-00C04F79EFBC}") = "LibEntityCajaBanco", "LibEntityCajaBanco\LibEntityCajaBanco.csproj", "{13E6285E-7DE6-4BFC-8C19-A08F984421EE}"
EndProject
Project("{2150E333-8FDC-42A3-9474-1A3956D46DE8}") = "Service", "Service", "{89CD480C-FB19-4764-A74B-2A42E0567AB3}"
EndProject
Project("{FAE04EC0-301F-11D3-BF4B-00C04F79EFBC}") = "ServiceCajaBanco", "ServiceCajaBanco\ServiceCajaBanco.csproj", "{67653F1A-B76A-4FEB-8D68-9E886E5F4CDD}"
EndProject
Global
	GlobalSection(SolutionConfigurationPlatforms) = preSolution
		Debug|Any CPU = Debug|Any CPU
		Release|Any CPU = Release|Any CPU
	EndGlobalSection
	GlobalSection(ProjectConfigurationPlatforms) = postSolution
		{613C8395-AFC1-4B33-B44C-F6130E495F71}.Debug|Any CPU.ActiveCfg = Debug|Any CPU
		{613C8395-AFC1-4B33-B44C-F6130E495F71}.Debug|Any CPU.Build.0 = Debug|Any CPU
		{613C8395-AFC1-4B33-B44C-F6130E495F71}.Release|Any CPU.ActiveCfg = Release|Any CPU
		{613C8395-AFC1-4B33-B44C-F6130E495F71}.Release|Any CPU.Build.0 = Release|Any CPU
		{3B6A9B93-CD4A-4E56-A127-5B11467FB0DA}.Debug|Any CPU.ActiveCfg = Debug|Any CPU
		{3B6A9B93-CD4A-4E56-A127-5B11467FB0DA}.Debug|Any CPU.Build.0 = Debug|Any CPU
		{3B6A9B93-CD4A-4E56-A127-5B11467FB0DA}.Release|Any CPU.ActiveCfg = Release|Any CPU
		{3B6A9B93-CD4A-4E56-A127-5B11467FB0DA}.Release|Any CPU.Build.0 = Release|Any CPU
		{C0C33B21-F311-4FEB-B571-C4EFD961EC7C}.Debug|Any CPU.ActiveCfg = Debug|Any CPU
		{C0C33B21-F311-4FEB-B571-C4EFD961EC7C}.Debug|Any CPU.Build.0 = Debug|Any CPU
		{C0C33B21-F311-4FEB-B571-C4EFD961EC7C}.Release|Any CPU.ActiveCfg = Release|Any CPU
		{C0C33B21-F311-4FEB-B571-C4EFD961EC7C}.Release|Any CPU.Build.0 = Release|Any CPU
		{CD7C131F-4ECB-4B81-BAC6-718C1B57DDD5}.Debug|Any CPU.ActiveCfg = Debug|Any CPU
		{CD7C131F-4ECB-4B81-BAC6-718C1B57DDD5}.Debug|Any CPU.Build.0 = Debug|Any CPU
		{CD7C131F-4ECB-4B81-BAC6-718C1B57DDD5}.Release|Any CPU.ActiveCfg = Release|Any CPU
		{CD7C131F-4ECB-4B81-BAC6-718C1B57DDD5}.Release|Any CPU.Build.0 = Release|Any CPU
		{6C7D4F6E-9C35-43FE-81F7-FF1922110832}.Debug|Any CPU.ActiveCfg = Debug|Any CPU
		{6C7D4F6E-9C35-43FE-81F7-FF1922110832}.Debug|Any CPU.Build.0 = Debug|Any CPU
		{6C7D4F6E-9C35-43FE-81F7-FF1922110832}.Release|Any CPU.ActiveCfg = Release|Any CPU
		{6C7D4F6E-9C35-43FE-81F7-FF1922110832}.Release|Any CPU.Build.0 = Release|Any CPU
		{4D0CDFEE-4B87-4C03-BE1C-929363B6F7DE}.Debug|Any CPU.ActiveCfg = Debug|Any CPU
		{4D0CDFEE-4B87-4C03-BE1C-929363B6F7DE}.Debug|Any CPU.Build.0 = Debug|Any CPU
		{4D0CDFEE-4B87-4C03-BE1C-929363B6F7DE}.Release|Any CPU.ActiveCfg = Release|Any CPU
		{4D0CDFEE-4B87-4C03-BE1C-929363B6F7DE}.Release|Any CPU.Build.0 = Release|Any CPU
		{15B09C30-E897-4217-B2A3-E450049E8667}.Debug|Any CPU.ActiveCfg = Debug|Any CPU
		{15B09C30-E897-4217-B2A3-E450049E8667}.Debug|Any CPU.Build.0 = Debug|Any CPU
		{15B09C30-E897-4217-B2A3-E450049E8667}.Release|Any CPU.ActiveCfg = Release|Any CPU
		{15B09C30-E897-4217-B2A3-E450049E8667}.Release|Any CPU.Build.0 = Release|Any CPU
		{13E6285E-7DE6-4BFC-8C19-A08F984421EE}.Debug|Any CPU.ActiveCfg = Debug|Any CPU
		{13E6285E-7DE6-4BFC-8C19-A08F984421EE}.Debug|Any CPU.Build.0 = Debug|Any CPU
		{13E6285E-7DE6-4BFC-8C19-A08F984421EE}.Release|Any CPU.ActiveCfg = Release|Any CPU
		{13E6285E-7DE6-4BFC-8C19-A08F984421EE}.Release|Any CPU.Build.0 = Release|Any CPU
		{67653F1A-B76A-4FEB-8D68-9E886E5F4CDD}.Debug|Any CPU.ActiveCfg = Debug|Any CPU
		{67653F1A-B76A-4FEB-8D68-9E886E5F4CDD}.Debug|Any CPU.Build.0 = Debug|Any CPU
		{67653F1A-B76A-4FEB-8D68-9E886E5F4CDD}.Release|Any CPU.ActiveCfg = Release|Any CPU
		{67653F1A-B76A-4FEB-8D68-9E886E5F4CDD}.Release|Any CPU.Build.0 = Release|Any CPU
	EndGlobalSection
	GlobalSection(SolutionProperties) = preSolution
		HideSolutionNode = FALSE
	EndGlobalSection
	GlobalSection(NestedProjects) = preSolution
		{613C8395-AFC1-4B33-B44C-F6130E495F71} = {3F4ACEED-7AD3-415E-9746-87178BF1C062}
		{3B6A9B93-CD4A-4E56-A127-5B11467FB0DA} = {3F4ACEED-7AD3-415E-9746-87178BF1C062}
		{C0C33B21-F311-4FEB-B571-C4EFD961EC7C} = {3F4ACEED-7AD3-415E-9746-87178BF1C062}
		{44BB5D85-2A4E-4096-B089-98E6C1CA34A6} = {51A5E296-F283-497D-AC5A-536FAB9091D9}
		{CD7C131F-4ECB-4B81-BAC6-718C1B57DDD5} = {44BB5D85-2A4E-4096-B089-98E6C1CA34A6}
		{6C7D4F6E-9C35-43FE-81F7-FF1922110832} = {44BB5D85-2A4E-4096-B089-98E6C1CA34A6}
		{4723226E-A6C1-47F5-A3EA-0513D7CDB82D} = {51A5E296-F283-497D-AC5A-536FAB9091D9}
		{77862738-BC7F-4DE6-A233-76204C84E0A9} = {4723226E-A6C1-47F5-A3EA-0513D7CDB82D}
		{4D0CDFEE-4B87-4C03-BE1C-929363B6F7DE} = {77862738-BC7F-4DE6-A233-76204C84E0A9}
		{B56DA96C-5E2E-4228-9733-5D9EC8C598EC} = {51A5E296-F283-497D-AC5A-536FAB9091D9}
		{15B09C30-E897-4217-B2A3-E450049E8667} = {B56DA96C-5E2E-4228-9733-5D9EC8C598EC}
		{B998BC2C-882B-47EE-A785-39C14B240EEE} = {51A5E296-F283-497D-AC5A-536FAB9091D9}
		{13E6285E-7DE6-4BFC-8C19-A08F984421EE} = {B998BC2C-882B-47EE-A785-39C14B240EEE}
		{67653F1A-B76A-4FEB-8D68-9E886E5F4CDD} = {89CD480C-FB19-4764-A74B-2A42E0567AB3}
	EndGlobalSection
EndGlobal
